
Microsoft Visual Studio Solution File, Format Version 12.00
# Visual Studio 15
VisualStudioVersion = 15.0.28307.960
MinimumVisualStudioVersion = 10.0.40219.1
Project("{FAE04EC0-301F-11D3-BF4B-00C04F79EFBC}") = "EncryptedNotebook.Tests", "EncryptedNotebook.Tests\EncryptedNotebook.Tests.csproj", "{C7017B3C-094B-4385-89D8-3BAB67E32042}"
EndProject
Global
	GlobalSection(SolutionConfigurationPlatforms) = preSolution
		Debug|Any CPU = Debug|Any CPU
		Release|Any CPU = Release|Any CPU
	EndGlobalSection
	GlobalSection(ProjectConfigurationPlatforms) = postSolution
		{C7017B3C-094B-4385-89D8-3BAB67E32042}.Debug|Any CPU.ActiveCfg = Debug|Any CPU
		{C7017B3C-094B-4385-89D8-3BAB67E32042}.Debug|Any CPU.Build.0 = Debug|Any CPU
		{C7017B3C-094B-4385-89D8-3BAB67E32042}.Release|Any CPU.ActiveCfg = Release|Any CPU
		{C7017B3C-094B-4385-89D8-3BAB67E32042}.Release|Any CPU.Build.0 = Release|Any CPU
	EndGlobalSection
	GlobalSection(SolutionProperties) = preSolution
		HideSolutionNode = FALSE
	EndGlobalSection
	GlobalSection(ExtensibilityGlobals) = postSolution
		SolutionGuid = {D11FC2B4-B28F-455F-AB79-185D74D634DC}
	EndGlobalSection
EndGlobal
